
Microsoft Visual Studio Solution File, Format Version 12.00
# Visual Studio 15
VisualStudioVersion = 15.0.27130.2027
MinimumVisualStudioVersion = 10.0.40219.1
Project("{FAE04EC0-301F-11D3-BF4B-00C04F79EFBC}") = "ServerAnswer", "ConsoleApp1\ServerAnswer.csproj", "{46AFDE77-FA21-411D-A236-619CF543D0FE}"
EndProject
Global
	GlobalSection(SolutionConfigurationPlatforms) = preSolution
		Debug|Any CPU = Debug|Any CPU
		Release|Any CPU = Release|Any CPU
	EndGlobalSection
	GlobalSection(ProjectConfigurationPlatforms) = postSolution
		{46AFDE77-FA21-411D-A236-619CF543D0FE}.Debug|Any CPU.ActiveCfg = Debug|Any CPU
		{46AFDE77-FA21-411D-A236-619CF543D0FE}.Debug|Any CPU.Build.0 = Debug|Any CPU
		{46AFDE77-FA21-411D-A236-619CF543D0FE}.Release|Any CPU.ActiveCfg = Release|Any CPU
		{46AFDE77-FA21-411D-A236-619CF543D0FE}.Release|Any CPU.Build.0 = Release|Any CPU
	EndGlobalSection
	GlobalSection(SolutionProperties) = preSolution
		HideSolutionNode = FALSE
	EndGlobalSection
	GlobalSection(ExtensibilityGlobals) = postSolution
		SolutionGuid = {41F11738-CDE7-44D2-BD3A-E2C1E5229136}
	EndGlobalSection
EndGlobal
